{
  "object": {
    "pins": [
      {
        "package": "JVFloatLabeledTextField",
        "repositoryURL": "https://github.com/jverdi/JVFloatLabeledTextField.git",
        "state": {
          "branch": null,
          "revision": "69c0e80a2d0b9dac52ec37a164c9c5fe0e901038",
          "version": "1.2.5"
        }
      },
      {
        "package": "PhoneNumberKit",
        "repositoryURL": "https://github.com/marmelroy/PhoneNumberKit.git",
        "state": {
          "branch": null,
          "revision": "d2886b0735a47e47fb227504666756efb2e2ac26",
          "version": "3.7.6"
        }
      },
      {
        "package": "SnapshotTesting",
        "repositoryURL": "https://github.com/pointfreeco/swift-snapshot-testing",
        "state": {
          "branch": null,
          "revision": "f8a9c997c3c1dab4e216a8ec9014e23144cbab37",
          "version": "1.9.0"
        }
      }
    ]
  },
  "version": 1
}
